// !$*UTF8*$!
{
	archiveVersion = 1;
	classes = {
	};
	objectVersion = 77;
	objects = {

/* Begin PBXBuildFile section */
		6C3F1EAB2D91E978007AABA2 /* SwiftSoup in Frameworks */ = {isa = PBXBuildFile; productRef = 6C3F1EAA2D91E978007AABA2 /* SwiftSoup */; };
/* End PBXBuildFile section */

/* Begin PBXContainerItemProxy section */
		6C3F1E822D91E2B0007AABA2 /* PBXContainerItemProxy */ = {
			isa = PBXContainerItemProxy;
			containerPortal = 6C3F1E692D91E2AF007AABA2 /* Project object */;
			proxyType = 1;
			remoteGlobalIDString = 6C3F1E702D91E2AF007AABA2;
			remoteInfo = Hondenwedstrijd;
		};
		6C3F1E8C2D91E2B0007AABA2 /* PBXContainerItemProxy */ = {
			isa = PBXContainerItemProxy;
			containerPortal = 6C3F1E692D91E2AF007AABA2 /* Project object */;
			proxyType = 1;
			remoteGlobalIDString = 6C3F1E702D91E2AF007AABA2;
			remoteInfo = Hondenwedstrijd;
		};
/* End PBXContainerItemProxy section */

/* Begin PBXFileReference section */
		6C3F1E712D91E2AF007AABA2 /* Hondenwedstrijd.app */ = {isa = PBXFileReference; explicitFileType = wrapper.application; includeInIndex = 0; path = Hondenwedstrijd.app; sourceTree = BUILT_PRODUCTS_DIR; };
		6C3F1E812D91E2B0007AABA2 /* HondenwedstrijdTests.xctest */ = {isa = PBXFileReference; explicitFileType = wrapper.cfbundle; includeInIndex = 0; path = HondenwedstrijdTests.xctest; sourceTree = BUILT_PRODUCTS_DIR; };
		6C3F1E8B2D91E2B0007AABA2 /* HondenwedstrijdUITests.xctest */ = {isa = PBXFileReference; explicitFileType = wrapper.cfbundle; includeInIndex = 0; path = HondenwedstrijdUITests.xctest; sourceTree = BUILT_PRODUCTS_DIR; };
/* End PBXFileReference section */

/* Begin PBXFileSystemSynchronizedRootGroup section */
		6C3F1E732D91E2AF007AABA2 /* Hondenwedstrijd */ = {
			isa = PBXFileSystemSynchronizedRootGroup;
			path = Hondenwedstrijd;
			sourceTree = "<group>";
		};
		6C3F1E842D91E2B0007AABA2 /* HondenwedstrijdTests */ = {
			isa = PBXFileSystemSynchronizedRootGroup;
			path = HondenwedstrijdTests;
			sourceTree = "<group>";
		};
		6C3F1E8E2D91E2B0007AABA2 /* HondenwedstrijdUITests */ = {
			isa = PBXFileSystemSynchronizedRootGroup;
			path = HondenwedstrijdUITests;
			sourceTree = "<group>";
		};
/* End PBXFileSystemSynchronizedRootGroup section */

/* Begin PBXFrameworksBuildPhase section */
		6C3F1E6E2D91E2AF007AABA2 /* Frameworks */ = {
			isa = PBXFrameworksBuildPhase;
			buildActionMask = 2147483647;
			files = (
				6C3F1EAB2D91E978007AABA2 /* SwiftSoup in Frameworks */,
			);
			runOnlyForDeploymentPostprocessing = 0;
		};
		6C3F1E7E2D91E2B0007AABA2 /* Frameworks */ = {
			isa = PBXFrameworksBuildPhase;
			buildActionMask = 2147483647;
			files = (
			);
			runOnlyForDeploymentPostprocessing = 0;
		};
		6C3F1E882D91E2B0007AABA2 /* Frameworks */ = {
			isa = PBXFrameworksBuildPhase;
			buildActionMask = 2147483647;
			files = (
			);
			runOnlyForDeploymentPostprocessing = 0;
		};
/* End PBXFrameworksBuildPhase section */

/* Begin PBXGroup section */
		6C3F1E682D91E2AF007AABA2 = {
			isa = PBXGroup;
			children = (
				6C3F1E732D91E2AF007AABA2 /* Hondenwedstrijd */,
				6C3F1E842D91E2B0007AABA2 /* HondenwedstrijdTests */,
				6C3F1E8E2D91E2B0007AABA2 /* HondenwedstrijdUITests */,
				6C3F1E722D91E2AF007AABA2 /* Products */,
			);
			sourceTree = "<group>";
		};
		6C3F1E722D91E2AF007AABA2 /* Products */ = {
			isa = PBXGroup;
			children = (
				6C3F1E712D91E2AF007AABA2 /* Hondenwedstrijd.app */,
				6C3F1E812D91E2B0007AABA2 /* HondenwedstrijdTests.xctest */,
				6C3F1E8B2D91E2B0007AABA2 /* HondenwedstrijdUITests.xctest */,
			);
			name = Products;
			sourceTree = "<group>";
		};
/* End PBXGroup section */

/* Begin PBXNativeTarget section */
		6C3F1E702D91E2AF007AABA2 /* Hondenwedstrijd */ = {
			isa = PBXNativeTarget;
			buildConfigurationList = 6C3F1E952D91E2B0007AABA2 /* Build configuration list for PBXNativeTarget "Hondenwedstrijd" */;
			buildPhases = (
				6C3F1E6D2D91E2AF007AABA2 /* Sources */,
				6C3F1E6E2D91E2AF007AABA2 /* Frameworks */,
				6C3F1E6F2D91E2AF007AABA2 /* Resources */,
			);
			buildRules = (
			);
			dependencies = (
			);
			fileSystemSynchronizedGroups = (
				6C3F1E732D91E2AF007AABA2 /* Hondenwedstrijd */,
			);
			name = Hondenwedstrijd;
			packageProductDependencies = (
				6C3F1EAA2D91E978007AABA2 /* SwiftSoup */,
			);
			productName = Hondenwedstrijd;
			productReference = 6C3F1E712D91E2AF007AABA2 /* Hondenwedstrijd.app */;
			productType = "com.apple.product-type.application";
		};
		6C3F1E802D91E2B0007AABA2 /* HondenwedstrijdTests */ = {
			isa = PBXNativeTarget;
			buildConfigurationList = 6C3F1E982D91E2B0007AABA2 /* Build configuration list for PBXNativeTarget "HondenwedstrijdTests" */;
			buildPhases = (
				6C3F1E7D2D91E2B0007AABA2 /* Sources */,
				6C3F1E7E2D91E2B0007AABA2 /* Frameworks */,
				6C3F1E7F2D91E2B0007AABA2 /* Resources */,
			);
			buildRules = (
			);
			dependencies = (
				6C3F1E832D91E2B0007AABA2 /* PBXTargetDependency */,
			);
			fileSystemSynchronizedGroups = (
				6C3F1E842D91E2B0007AABA2 /* HondenwedstrijdTests */,
			);
			name = HondenwedstrijdTests;
			packageProductDependencies = (
			);
			productName = HondenwedstrijdTests;
			productReference = 6C3F1E812D91E2B0007AABA2 /* HondenwedstrijdTests.xctest */;
			productType = "com.apple.product-type.bundle.unit-test";
		};
		6C3F1E8A2D91E2B0007AABA2 /* HondenwedstrijdUITests */ = {
			isa = PBXNativeTarget;
			buildConfigurationList = 6C3F1E9B2D91E2B0007AABA2 /* Build configuration list for PBXNativeTarget "HondenwedstrijdUITests" */;
			buildPhases = (
				6C3F1E872D91E2B0007AABA2 /* Sources */,
				6C3F1E882D91E2B0007AABA2 /* Frameworks */,
				6C3F1E892D91E2B0007AABA2 /* Resources */,
			);
			buildRules = (
			);
			dependencies = (
				6C3F1E8D2D91E2B0007AABA2 /* PBXTargetDependency */,
			);
			fileSystemSynchronizedGroups = (
				6C3F1E8E2D91E2B0007AABA2 /* HondenwedstrijdUITests */,
			);
			name = HondenwedstrijdUITests;
			packageProductDependencies = (
			);
			productName = HondenwedstrijdUITests;
			productReference = 6C3F1E8B2D91E2B0007AABA2 /* HondenwedstrijdUITests.xctest */;
			productType = "com.apple.product-type.bundle.ui-testing";
		};
/* End PBXNativeTarget section */

/* Begin PBXProject section */
		6C3F1E692D91E2AF007AABA2 /* Project object */ = {
			isa = PBXProject;
			attributes = {
				BuildIndependentTargetsInParallel = 1;
				LastSwiftUpdateCheck = 1620;
				LastUpgradeCheck = 1620;
				TargetAttributes = {
					6C3F1E702D91E2AF007AABA2 = {
						CreatedOnToolsVersion = 16.2;
					};
					6C3F1E802D91E2B0007AABA2 = {
						CreatedOnToolsVersion = 16.2;
						TestTargetID = 6C3F1E702D91E2AF007AABA2;
					};
					6C3F1E8A2D91E2B0007AABA2 = {
						CreatedOnToolsVersion = 16.2;
						TestTargetID = 6C3F1E702D91E2AF007AABA2;
					};
				};
			};
			buildConfigurationList = 6C3F1E6C2D91E2AF007AABA2 /* Build configuration list for PBXProject "Hondenwedstrijd" */;
			developmentRegion = en;
			hasScannedForEncodings = 0;
			knownRegions = (
				en,
				Base,
			);
			mainGroup = 6C3F1E682D91E2AF007AABA2;
			minimizedProjectReferenceProxies = 1;
			packageReferences = (
				6C3F1EA92D91E978007AABA2 /* XCRemoteSwiftPackageReference "SwiftSoup" */,
			);
			preferredProjectObjectVersion = 77;
			productRefGroup = 6C3F1E722D91E2AF007AABA2 /* Products */;
			projectDirPath = "";
			projectRoot = "";
			targets = (
				6C3F1E702D91E2AF007AABA2 /* Hondenwedstrijd */,
				6C3F1E802D91E2B0007AABA2 /* HondenwedstrijdTests */,
				6C3F1E8A2D91E2B0007AABA2 /* HondenwedstrijdUITests */,
			);
		};
/* End PBXProject section */

/* Begin PBXResourcesBuildPhase section */
		6C3F1E6F2D91E2AF007AABA2 /* Resources */ = {
			isa = PBXResourcesBuildPhase;
			buildActionMask = 2147483647;
			files = (
			);
			runOnlyForDeploymentPostprocessing = 0;
		};
		6C3F1E7F2D91E2B0007AABA2 /* Resources */ = {
			isa = PBXResourcesBuildPhase;
			buildActionMask = 2147483647;
			files = (
			);
			runOnlyForDeploymentPostprocessing = 0;
		};
		6C3F1E892D91E2B0007AABA2 /* Resources */ = {
			isa = PBXResourcesBuildPhase;
			buildActionMask = 2147483647;
			files = (
			);
			runOnlyForDeploymentPostprocessing = 0;
		};
/* End PBXResourcesBuildPhase section */

/* Begin PBXSourcesBuildPhase section */
		6C3F1E6D2D91E2AF007AABA2 /* Sources */ = {
			isa = PBXSourcesBuildPhase;
			buildActionMask = 2147483647;
			files = (
			);
			runOnlyForDeploymentPostprocessing = 0;
		};
		6C3F1E7D2D91E2B0007AABA2 /* Sources */ = {
			isa = PBXSourcesBuildPhase;
			buildActionMask = 2147483647;
			files = (
			);
			runOnlyForDeploymentPostprocessing = 0;
		};
		6C3F1E872D91E2B0007AABA2 /* Sources */ = {
			isa = PBXSourcesBuildPhase;
			buildActionMask = 2147483647;
			files = (
			);
			runOnlyForDeploymentPostprocessing = 0;
		};
/* End PBXSourcesBuildPhase section */

/* Begin PBXTargetDependency section */
		6C3F1E832D91E2B0007AABA2 /* PBXTargetDependency */ = {
			isa = PBXTargetDependency;
			target = 6C3F1E702D91E2AF007AABA2 /* Hondenwedstrijd */;
			targetProxy = 6C3F1E822D91E2B0007AABA2 /* PBXContainerItemProxy */;
		};
		6C3F1E8D2D91E2B0007AABA2 /* PBXTargetDependency */ = {
			isa = PBXTargetDependency;
			target = 6C3F1E702D91E2AF007AABA2 /* Hondenwedstrijd */;
			targetProxy = 6C3F1E8C2D91E2B0007AABA2 /* PBXContainerItemProxy */;
		};
/* End PBXTargetDependency section */

/* Begin XCBuildConfiguration section */
		6C3F1E932D91E2B0007AABA2 /* Debug */ = {
			isa = XCBuildConfiguration;
			buildSettings = {
				ALWAYS_SEARCH_USER_PATHS = NO;
				ASSETCATALOG_COMPILER_GENERATE_SWIFT_ASSET_SYMBOL_EXTENSIONS = YES;
				CLANG_ANALYZER_NONNULL = YES;
				CLANG_ANALYZER_NUMBER_OBJECT_CONVERSION = YES_AGGRESSIVE;
				CLANG_CXX_LANGUAGE_STANDARD = "gnu++20";
				CLANG_ENABLE_MODULES = YES;
				CLANG_ENABLE_OBJC_ARC = YES;
				CLANG_ENABLE_OBJC_WEAK = YES;
				CLANG_WARN_BLOCK_CAPTURE_AUTORELEASING = YES;
				CLANG_WARN_BOOL_CONVERSION = YES;
				CLANG_WARN_COMMA = YES;
				CLANG_WARN_CONSTANT_CONVERSION = YES;
				CLANG_WARN_DEPRECATED_OBJC_IMPLEMENTATIONS = YES;
				CLANG_WARN_DIRECT_OBJC_ISA_USAGE = YES_ERROR;
				CLANG_WARN_DOCUMENTATION_COMMENTS = YES;
				CLANG_WARN_EMPTY_BODY = YES;
				CLANG_WARN_ENUM_CONVERSION = YES;
				CLANG_WARN_INFINITE_RECURSION = YES;
				CLANG_WARN_INT_CONVERSION = YES;
				CLANG_WARN_NON_LITERAL_NULL_CONVERSION = YES;
				CLANG_WARN_OBJC_IMPLICIT_RETAIN_SELF = YES;
				CLANG_WARN_OBJC_LITERAL_CONVERSION = YES;
				CLANG_WARN_OBJC_ROOT_CLASS = YES_ERROR;
				CLANG_WARN_QUOTED_INCLUDE_IN_FRAMEWORK_HEADER = YES;
				CLANG_WARN_RANGE_LOOP_ANALYSIS = YES;
				CLANG_WARN_STRICT_PROTOTYPES = YES;
				CLANG_WARN_SUSPICIOUS_MOVE = YES;
				CLANG_WARN_UNGUARDED_AVAILABILITY = YES_AGGRESSIVE;
				CLANG_WARN_UNREACHABLE_CODE = YES;
				CLANG_WARN__DUPLICATE_METHOD_MATCH = YES;
				COPY_PHASE_STRIP = NO;
				DEBUG_INFORMATION_FORMAT = dwarf;
				ENABLE_STRICT_OBJC_MSGSEND = YES;
				ENABLE_TESTABILITY = YES;
				ENABLE_USER_SCRIPT_SANDBOXING = YES;
				GCC_C_LANGUAGE_STANDARD = gnu17;
				GCC_DYNAMIC_NO_PIC = NO;
				GCC_NO_COMMON_BLOCKS = YES;
				GCC_OPTIMIZATION_LEVEL = 0;
				GCC_PREPROCESSOR_DEFINITIONS = (
					"DEBUG=1",
					"$(inherited)",
				);
				GCC_WARN_64_TO_32_BIT_CONVERSION = YES;
				GCC_WARN_ABOUT_RETURN_TYPE = YES_ERROR;
				GCC_WARN_UNDECLARED_SELECTOR = YES;
				GCC_WARN_UNINITIALIZED_AUTOS = YES_AGGRESSIVE;
				GCC_WARN_UNUSED_FUNCTION = YES;
				GCC_WARN_UNUSED_VARIABLE = YES;
				IPHONEOS_DEPLOYMENT_TARGET = 18.2;
				LOCALIZATION_PREFERS_STRING_CATALOGS = YES;
				MTL_ENABLE_DEBUG_INFO = INCLUDE_SOURCE;
				MTL_FAST_MATH = YES;
				ONLY_ACTIVE_ARCH = YES;
				SDKROOT = iphoneos;
				SWIFT_ACTIVE_COMPILATION_CONDITIONS = "DEBUG $(inherited)";
				SWIFT_OPTIMIZATION_LEVEL = "-Onone";
			};
			name = Debug;
		};
		6C3F1E942D91E2B0007AABA2 /* Release */ = {
			isa = XCBuildConfiguration;
			buildSettings = {
				ALWAYS_SEARCH_USER_PATHS = NO;
				ASSETCATALOG_COMPILER_GENERATE_SWIFT_ASSET_SYMBOL_EXTENSIONS = YES;
				CLANG_ANALYZER_NONNULL = YES;
				CLANG_ANALYZER_NUMBER_OBJECT_CONVERSION = YES_AGGRESSIVE;
				CLANG_CXX_LANGUAGE_STANDARD = "gnu++20";
				CLANG_ENABLE_MODULES = YES;
				CLANG_ENABLE_OBJC_ARC = YES;
				CLANG_ENABLE_OBJC_WEAK = YES;
				CLANG_WARN_BLOCK_CAPTURE_AUTORELEASING = YES;
				CLANG_WARN_BOOL_CONVERSION = YES;
				CLANG_WARN_COMMA = YES;
				CLANG_WARN_CONSTANT_CONVERSION = YES;
				CLANG_WARN_DEPRECATED_OBJC_IMPLEMENTATIONS = YES;
				CLANG_WARN_DIRECT_OBJC_ISA_USAGE = YES_ERROR;
				CLANG_WARN_DOCUMENTATION_COMMENTS = YES;
				CLANG_WARN_EMPTY_BODY = YES;
				CLANG_WARN_ENUM_CONVERSION = YES;
				CLANG_WARN_INFINITE_RECURSION = YES;
				CLANG_WARN_INT_CONVERSION = YES;
				CLANG_WARN_NON_LITERAL_NULL_CONVERSION = YES;
				CLANG_WARN_OBJC_IMPLICIT_RETAIN_SELF = YES;
				CLANG_WARN_OBJC_LITERAL_CONVERSION = YES;
				CLANG_WARN_OBJC_ROOT_CLASS = YES_ERROR;
				CLANG_WARN_QUOTED_INCLUDE_IN_FRAMEWORK_HEADER = YES;
				CLANG_WARN_RANGE_LOOP_ANALYSIS = YES;
				CLANG_WARN_STRICT_PROTOTYPES = YES;
				CLANG_WARN_SUSPICIOUS_MOVE = YES;
				CLANG_WARN_UNGUARDED_AVAILABILITY = YES_AGGRESSIVE;
				CLANG_WARN_UNREACHABLE_CODE = YES;
				CLANG_WARN__DUPLICATE_METHOD_MATCH = YES;
				COPY_PHASE_STRIP = NO;
				DEBUG_INFORMATION_FORMAT = "dwarf-with-dsym";
				ENABLE_NS_ASSERTIONS = NO;
				ENABLE_STRICT_OBJC_MSGSEND = YES;
				ENABLE_USER_SCRIPT_SANDBOXING = YES;
				GCC_C_LANGUAGE_STANDARD = gnu17;
				GCC_NO_COMMON_BLOCKS = YES;
				GCC_WARN_64_TO_32_BIT_CONVERSION = YES;
				GCC_WARN_ABOUT_RETURN_TYPE = YES_ERROR;
				GCC_WARN_UNDECLARED_SELECTOR = YES;
				GCC_WARN_UNINITIALIZED_AUTOS = YES_AGGRESSIVE;
				GCC_WARN_UNUSED_FUNCTION = YES;
				GCC_WARN_UNUSED_VARIABLE = YES;
				IPHONEOS_DEPLOYMENT_TARGET = 18.2;
				LOCALIZATION_PREFERS_STRING_CATALOGS = YES;
				MTL_ENABLE_DEBUG_INFO = NO;
				MTL_FAST_MATH = YES;
				SDKROOT = iphoneos;
				SWIFT_COMPILATION_MODE = wholemodule;
				VALIDATE_PRODUCT = YES;
			};
			name = Release;
		};
		6C3F1E962D91E2B0007AABA2 /* Debug */ = {
			isa = XCBuildConfiguration;
			buildSettings = {
				ASSETCATALOG_COMPILER_APPICON_NAME = AppIcon;
				ASSETCATALOG_COMPILER_GLOBAL_ACCENT_COLOR_NAME = AccentColor;
				CODE_SIGN_STYLE = Automatic;
				CURRENT_PROJECT_VERSION = 1;
				DEVELOPMENT_ASSET_PATHS = "\"Hondenwedstrijd/Preview Content\"";
				DEVELOPMENT_TEAM = FH58CGF95Y;
				ENABLE_PREVIEWS = YES;
				GENERATE_INFOPLIST_FILE = YES;
				INFOPLIST_KEY_UIApplicationSceneManifest_Generation = YES;
				INFOPLIST_KEY_UIApplicationSupportsIndirectInputEvents = YES;
				INFOPLIST_KEY_UILaunchScreen_Generation = YES;
				INFOPLIST_KEY_UISupportedInterfaceOrientations_iPad = "UIInterfaceOrientationPortrait UIInterfaceOrientationPortraitUpsideDown UIInterfaceOrientationLandscapeLeft UIInterfaceOrientationLandscapeRight";
				INFOPLIST_KEY_UISupportedInterfaceOrientations_iPhone = "UIInterfaceOrientationPortrait UIInterfaceOrientationLandscapeLeft UIInterfaceOrientationLandscapeRight";
				LD_RUNPATH_SEARCH_PATHS = (
					"$(inherited)",
					"@executable_path/Frameworks",
				);
				MARKETING_VERSION = 1.0;
				PRODUCT_BUNDLE_IDENTIFIER = com.fhkjin1.Hondenwedstrijd;
				PRODUCT_NAME = "$(TARGET_NAME)";
				SWIFT_EMIT_LOC_STRINGS = YES;
				SWIFT_VERSION = 5.0;
				TARGETED_DEVICE_FAMILY = "1,2";
			};
			name = Debug;
		};
		6C3F1E972D91E2B0007AABA2 /* Release */ = {
			isa = XCBuildConfiguration;
			buildSettings = {
				ASSETCATALOG_COMPILER_APPICON_NAME = AppIcon;
				ASSETCATALOG_COMPILER_GLOBAL_ACCENT_COLOR_NAME = AccentColor;
				CODE_SIGN_STYLE = Automatic;
				CURRENT_PROJECT_VERSION = 1;
				DEVELOPMENT_ASSET_PATHS = "\"Hondenwedstrijd/Preview Content\"";
				DEVELOPMENT_TEAM = FH58CGF95Y;
				ENABLE_PREVIEWS = YES;
				GENERATE_INFOPLIST_FILE = YES;
				INFOPLIST_KEY_UIApplicationSceneManifest_Generation = YES;
				INFOPLIST_KEY_UIApplicationSupportsIndirectInputEvents = YES;
				INFOPLIST_KEY_UILaunchScreen_Generation = YES;
				INFOPLIST_KEY_UISupportedInterfaceOrientations_iPad = "UIInterfaceOrientationPortrait UIInterfaceOrientationPortraitUpsideDown UIInterfaceOrientationLandscapeLeft UIInterfaceOrientationLandscapeRight";
				INFOPLIST_KEY_UISupportedInterfaceOrientations_iPhone = "UIInterfaceOrientationPortrait UIInterfaceOrientationLandscapeLeft UIInterfaceOrientationLandscapeRight";
				LD_RUNPATH_SEARCH_PATHS = (
					"$(inherited)",
					"@executable_path/Frameworks",
				);
				MARKETING_VERSION = 1.0;
				PRODUCT_BUNDLE_IDENTIFIER = com.fhkjin1.Hondenwedstrijd;
				PRODUCT_NAME = "$(TARGET_NAME)";
				SWIFT_EMIT_LOC_STRINGS = YES;
				SWIFT_VERSION = 5.0;
				TARGETED_DEVICE_FAMILY = "1,2";
			};
			name = Release;
		};
		6C3F1E992D91E2B0007AABA2 /* Debug */ = {
			isa = XCBuildConfiguration;
			buildSettings = {
				BUNDLE_LOADER = "$(TEST_HOST)";
				CODE_SIGN_STYLE = Automatic;
				CURRENT_PROJECT_VERSION = 1;
				DEVELOPMENT_TEAM = FH58CGF95Y;
				GENERATE_INFOPLIST_FILE = YES;
				IPHONEOS_DEPLOYMENT_TARGET = 18.2;
				MARKETING_VERSION = 1.0;
				PRODUCT_BUNDLE_IDENTIFIER = com.fhkjin1.HondenwedstrijdTests;
				PRODUCT_NAME = "$(TARGET_NAME)";
				SWIFT_EMIT_LOC_STRINGS = NO;
				SWIFT_VERSION = 5.0;
				TARGETED_DEVICE_FAMILY = "1,2";
				TEST_HOST = "$(BUILT_PRODUCTS_DIR)/Hondenwedstrijd.app/$(BUNDLE_EXECUTABLE_FOLDER_PATH)/Hondenwedstrijd";
			};
			name = Debug;
		};
		6C3F1E9A2D91E2B0007AABA2 /* Release */ = {
			isa = XCBuildConfiguration;
			buildSettings = {
				BUNDLE_LOADER = "$(TEST_HOST)";
				CODE_SIGN_STYLE = Automatic;
				CURRENT_PROJECT_VERSION = 1;
				DEVELOPMENT_TEAM = FH58CGF95Y;
				GENERATE_INFOPLIST_FILE = YES;
				IPHONEOS_DEPLOYMENT_TARGET = 18.2;
				MARKETING_VERSION = 1.0;
				PRODUCT_BUNDLE_IDENTIFIER = com.fhkjin1.HondenwedstrijdTests;
				PRODUCT_NAME = "$(TARGET_NAME)";
				SWIFT_EMIT_LOC_STRINGS = NO;
				SWIFT_VERSION = 5.0;
				TARGETED_DEVICE_FAMILY = "1,2";
				TEST_HOST = "$(BUILT_PRODUCTS_DIR)/Hondenwedstrijd.app/$(BUNDLE_EXECUTABLE_FOLDER_PATH)/Hondenwedstrijd";
			};
			name = Release;
		};
		6C3F1E9C2D91E2B0007AABA2 /* Debug */ = {
			isa = XCBuildConfiguration;
			buildSettings = {
				CODE_SIGN_STYLE = Automatic;
				CURRENT_PROJECT_VERSION = 1;
				DEVELOPMENT_TEAM = FH58CGF95Y;
				GENERATE_INFOPLIST_FILE = YES;
				MARKETING_VERSION = 1.0;
				PRODUCT_BUNDLE_IDENTIFIER = com.fhkjin1.HondenwedstrijdUITests;
				PRODUCT_NAME = "$(TARGET_NAME)";
				SWIFT_EMIT_LOC_STRINGS = NO;
				SWIFT_VERSION = 5.0;
				TARGETED_DEVICE_FAMILY = "1,2";
				TEST_TARGET_NAME = Hondenwedstrijd;
			};
			name = Debug;
		};
		6C3F1E9D2D91E2B0007AABA2 /* Release */ = {
			isa = XCBuildConfiguration;
			buildSettings = {
				CODE_SIGN_STYLE = Automatic;
				CURRENT_PROJECT_VERSION = 1;
				DEVELOPMENT_TEAM = FH58CGF95Y;
				GENERATE_INFOPLIST_FILE = YES;
				MARKETING_VERSION = 1.0;
				PRODUCT_BUNDLE_IDENTIFIER = com.fhkjin1.HondenwedstrijdUITests;
				PRODUCT_NAME = "$(TARGET_NAME)";
				SWIFT_EMIT_LOC_STRINGS = NO;
				SWIFT_VERSION = 5.0;
				TARGETED_DEVICE_FAMILY = "1,2";
				TEST_TARGET_NAME = Hondenwedstrijd;
			};
			name = Release;
		};
/* End XCBuildConfiguration section */

/* Begin XCConfigurationList section */
		6C3F1E6C2D91E2AF007AABA2 /* Build configuration list for PBXProject "Hondenwedstrijd" */ = {
			isa = XCConfigurationList;
			buildConfigurations = (
				6C3F1E932D91E2B0007AABA2 /* Debug */,
				6C3F1E942D91E2B0007AABA2 /* Release */,
			);
			defaultConfigurationIsVisible = 0;
			defaultConfigurationName = Release;
		};
		6C3F1E952D91E2B0007AABA2 /* Build configuration list for PBXNativeTarget "Hondenwedstrijd" */ = {
			isa = XCConfigurationList;
			buildConfigurations = (
				6C3F1E962D91E2B0007AABA2 /* Debug */,
				6C3F1E972D91E2B0007AABA2 /* Release */,
			);
			defaultConfigurationIsVisible = 0;
			defaultConfigurationName = Release;
		};
		6C3F1E982D91E2B0007AABA2 /* Build configuration list for PBXNativeTarget "HondenwedstrijdTests" */ = {
			isa = XCConfigurationList;
			buildConfigurations = (
				6C3F1E992D91E2B0007AABA2 /* Debug */,
				6C3F1E9A2D91E2B0007AABA2 /* Release */,
			);
			defaultConfigurationIsVisible = 0;
			defaultConfigurationName = Release;
		};
		6C3F1E9B2D91E2B0007AABA2 /* Build configuration list for PBXNativeTarget "HondenwedstrijdUITests" */ = {
			isa = XCConfigurationList;
			buildConfigurations = (
				6C3F1E9C2D91E2B0007AABA2 /* Debug */,
				6C3F1E9D2D91E2B0007AABA2 /* Release */,
			);
			defaultConfigurationIsVisible = 0;
			defaultConfigurationName = Release;
		};
/* End XCConfigurationList section */

/* Begin XCRemoteSwiftPackageReference section */
		6C3F1EA92D91E978007AABA2 /* XCRemoteSwiftPackageReference "SwiftSoup" */ = {
			isa = XCRemoteSwiftPackageReference;
			repositoryURL = "https://github.com/scinfu/SwiftSoup.git";
			requirement = {
				kind = upToNextMajorVersion;
				minimumVersion = 2.8.7;
			};
		};
/* End XCRemoteSwiftPackageReference section */

/* Begin XCSwiftPackageProductDependency section */
		6C3F1EAA2D91E978007AABA2 /* SwiftSoup */ = {
			isa = XCSwiftPackageProductDependency;
			package = 6C3F1EA92D91E978007AABA2 /* XCRemoteSwiftPackageReference "SwiftSoup" */;
			productName = SwiftSoup;
		};
/* End XCSwiftPackageProductDependency section */
	};
	rootObject = 6C3F1E692D91E2AF007AABA2 /* Project object */;
}
